
Microsoft Visual Studio Solution File, Format Version 12.00
# Visual Studio Version 17
VisualStudioVersion = 17.3.32825.248
MinimumVisualStudioVersion = 10.0.40219.1
Project("{FAE04EC0-301F-11D3-BF4B-00C04F79EFBC}") = "Notepad2", "Notepad2.csproj", "{04B9F12E-DB4E-4510-B6F8-CCCA75BE9699}"
EndProject
Global
	GlobalSection(SolutionConfigurationPlatforms) = preSolution
		Debug|Any CPU = Debug|Any CPU
		Release|Any CPU = Release|Any CPU
	EndGlobalSection
	GlobalSection(ProjectConfigurationPlatforms) = postSolution
		{04B9F12E-DB4E-4510-B6F8-CCCA75BE9699}.Debug|Any CPU.ActiveCfg = Debug|Any CPU
		{04B9F12E-DB4E-4510-B6F8-CCCA75BE9699}.Debug|Any CPU.Build.0 = Debug|Any CPU
		{04B9F12E-DB4E-4510-B6F8-CCCA75BE9699}.Release|Any CPU.ActiveCfg = Release|Any CPU
		{04B9F12E-DB4E-4510-B6F8-CCCA75BE9699}.Release|Any CPU.Build.0 = Release|Any CPU
	EndGlobalSection
	GlobalSection(SolutionProperties) = preSolution
		HideSolutionNode = FALSE
	EndGlobalSection
	GlobalSection(ExtensibilityGlobals) = postSolution
		SolutionGuid = {DCC764AE-0837-4ED5-8355-60962E26CC4D}
	EndGlobalSection
EndGlobal
